
Microsoft Visual Studio Solution File, Format Version 12.00
# Visual Studio 15
VisualStudioVersion = 15.0.27703.2035
MinimumVisualStudioVersion = 10.0.40219.1
Project("{FAE04EC0-301F-11D3-BF4B-00C04F79EFBC}") = "SamplePackage", "SamplePackage\SamplePackage.csproj", "{9A5265B0-170E-4AF3-B4B9-77C2E92B66B9}"
EndProject
Global
	GlobalSection(SolutionConfigurationPlatforms) = preSolution
		Debug|x86 = Debug|x86
		Release|x86 = Release|x86
	EndGlobalSection
	GlobalSection(ProjectConfigurationPlatforms) = postSolution
		{9A5265B0-170E-4AF3-B4B9-77C2E92B66B9}.Debug|x86.ActiveCfg = Debug|x86
		{9A5265B0-170E-4AF3-B4B9-77C2E92B66B9}.Debug|x86.Build.0 = Debug|x86
		{9A5265B0-170E-4AF3-B4B9-77C2E92B66B9}.Release|x86.ActiveCfg = Release|x86
		{9A5265B0-170E-4AF3-B4B9-77C2E92B66B9}.Release|x86.Build.0 = Release|x86
	EndGlobalSection
	GlobalSection(SolutionProperties) = preSolution
		HideSolutionNode = FALSE
	EndGlobalSection
	GlobalSection(ExtensibilityGlobals) = postSolution
		SolutionGuid = {D55225D7-5380-45CF-AC82-6F5882DC76FE}
	EndGlobalSection
EndGlobal
